
Microsoft Visual Studio Solution File, Format Version 12.00
# Visual Studio Version 17
VisualStudioVersion = 17.14.36511.14 d17.14
MinimumVisualStudioVersion = 10.0.40219.1
Project("{FAE04EC0-301F-11D3-BF4B-00C04F79EFBC}") = "MediCare", "MediCare\MediCare.csproj", "{4A843846-1E35-4BE7-B8E5-1C5C1E55AAAA}"
EndProject
Global
	GlobalSection(SolutionConfigurationPlatforms) = preSolution
		Debug|Any CPU = Debug|Any CPU
		Release|Any CPU = Release|Any CPU
	EndGlobalSection
	GlobalSection(ProjectConfigurationPlatforms) = postSolution
		{4A843846-1E35-4BE7-B8E5-1C5C1E55AAAA}.Debug|Any CPU.ActiveCfg = Debug|Any CPU
		{4A843846-1E35-4BE7-B8E5-1C5C1E55AAAA}.Debug|Any CPU.Build.0 = Debug|Any CPU
		{4A843846-1E35-4BE7-B8E5-1C5C1E55AAAA}.Release|Any CPU.ActiveCfg = Release|Any CPU
		{4A843846-1E35-4BE7-B8E5-1C5C1E55AAAA}.Release|Any CPU.Build.0 = Release|Any CPU
	EndGlobalSection
	GlobalSection(SolutionProperties) = preSolution
		HideSolutionNode = FALSE
	EndGlobalSection
	GlobalSection(ExtensibilityGlobals) = postSolution
		SolutionGuid = {16934725-34A7-4525-BE95-1EE65B600A4F}
	EndGlobalSection
EndGlobal
